
Microsoft Visual Studio Solution File, Format Version 12.00
# Visual Studio Version 16
VisualStudioVersion = 16.0.29025.244
MinimumVisualStudioVersion = 10.0.40219.1
Project("{FAE04EC0-301F-11D3-BF4B-00C04F79EFBC}") = "Anderson", "Anderson\Anderson.csproj", "{D2B1E828-5A91-4DCC-AC13-FDEFFFF2BB7F}"
EndProject
Project("{9A19103F-16F7-4668-BE54-9A1E7A4F7556}") = "Matrix", "matrix-dotnet-sdk\Matrix\Matrix.csproj", "{23178CC4-2857-495A-BD61-8983CF8D9196}"
EndProject
Project("{FAE04EC0-301F-11D3-BF4B-00C04F79EFBC}") = "Anderson.Tests", "Anderson.Tests\Anderson.Tests.csproj", "{4D779E23-7BC7-47D7-B76F-F64F2D9BDB48}"
EndProject
Project("{54435603-DBB4-11D2-8724-00A0C9A8B90C}") = "Anderson.Installer", "Anderson.Installer\Anderson.Installer.vdproj", "{B22E2BC5-E1D1-4E1B-8B33-31BEB4336108}"
EndProject
Global
	GlobalSection(SolutionConfigurationPlatforms) = preSolution
		Debug|Any CPU = Debug|Any CPU
		Release|Any CPU = Release|Any CPU
	EndGlobalSection
	GlobalSection(ProjectConfigurationPlatforms) = postSolution
		{D2B1E828-5A91-4DCC-AC13-FDEFFFF2BB7F}.Debug|Any CPU.ActiveCfg = Debug|Any CPU
		{D2B1E828-5A91-4DCC-AC13-FDEFFFF2BB7F}.Debug|Any CPU.Build.0 = Debug|Any CPU
		{D2B1E828-5A91-4DCC-AC13-FDEFFFF2BB7F}.Release|Any CPU.ActiveCfg = Release|Any CPU
		{D2B1E828-5A91-4DCC-AC13-FDEFFFF2BB7F}.Release|Any CPU.Build.0 = Release|Any CPU
		{23178CC4-2857-495A-BD61-8983CF8D9196}.Debug|Any CPU.ActiveCfg = Debug|Any CPU
		{23178CC4-2857-495A-BD61-8983CF8D9196}.Debug|Any CPU.Build.0 = Debug|Any CPU
		{23178CC4-2857-495A-BD61-8983CF8D9196}.Release|Any CPU.ActiveCfg = Release|Any CPU
		{23178CC4-2857-495A-BD61-8983CF8D9196}.Release|Any CPU.Build.0 = Release|Any CPU
		{4D779E23-7BC7-47D7-B76F-F64F2D9BDB48}.Debug|Any CPU.ActiveCfg = Debug|Any CPU
		{4D779E23-7BC7-47D7-B76F-F64F2D9BDB48}.Debug|Any CPU.Build.0 = Debug|Any CPU
		{4D779E23-7BC7-47D7-B76F-F64F2D9BDB48}.Release|Any CPU.ActiveCfg = Release|Any CPU
		{4D779E23-7BC7-47D7-B76F-F64F2D9BDB48}.Release|Any CPU.Build.0 = Release|Any CPU
		{B22E2BC5-E1D1-4E1B-8B33-31BEB4336108}.Debug|Any CPU.ActiveCfg = Debug
		{B22E2BC5-E1D1-4E1B-8B33-31BEB4336108}.Release|Any CPU.ActiveCfg = Release
		{B22E2BC5-E1D1-4E1B-8B33-31BEB4336108}.Release|Any CPU.Build.0 = Release
	EndGlobalSection
	GlobalSection(SolutionProperties) = preSolution
		HideSolutionNode = FALSE
	EndGlobalSection
	GlobalSection(ExtensibilityGlobals) = postSolution
		SolutionGuid = {3E197FF2-F6DB-4425-9778-1042660ADBF7}
	EndGlobalSection
EndGlobal
